
Microsoft Visual Studio Solution File, Format Version 12.00
# Visual Studio Version 16
VisualStudioVersion = 16.0.31205.134
MinimumVisualStudioVersion = 10.0.40219.1
Project("{FAE04EC0-301F-11D3-BF4B-00C04F79EFBC}") = "Address-Book", "Address-Book\Address-Book.csproj", "{80B11882-286A-487D-B4ED-8489AFA92BD0}"
EndProject
Global
	GlobalSection(SolutionConfigurationPlatforms) = preSolution
		Debug|Any CPU = Debug|Any CPU
		Release|Any CPU = Release|Any CPU
	EndGlobalSection
	GlobalSection(ProjectConfigurationPlatforms) = postSolution
		{80B11882-286A-487D-B4ED-8489AFA92BD0}.Debug|Any CPU.ActiveCfg = Debug|Any CPU
		{80B11882-286A-487D-B4ED-8489AFA92BD0}.Debug|Any CPU.Build.0 = Debug|Any CPU
		{80B11882-286A-487D-B4ED-8489AFA92BD0}.Release|Any CPU.ActiveCfg = Release|Any CPU
		{80B11882-286A-487D-B4ED-8489AFA92BD0}.Release|Any CPU.Build.0 = Release|Any CPU
	EndGlobalSection
	GlobalSection(SolutionProperties) = preSolution
		HideSolutionNode = FALSE
	EndGlobalSection
	GlobalSection(ExtensibilityGlobals) = postSolution
		SolutionGuid = {4B9E1792-16EA-400C-903F-734BA158624A}
	EndGlobalSection
EndGlobal
